{
  "name": "gameforge-mobile",
  "version": "1.0.0",
  "lockfileVersion": 3,
  "requires": true,
  "packages": {
    "": {
      "name": "gameforge-mobile",
      "version": "1.0.0",
      "license": "MIT",
      "dependencies": {
        "react": "18.2.0",
        "react-native": "0.72.6",
        "react-native-web": "~0.19.6",
        "expo": "~49.0.15",
        "expo-status-bar": "~1.6.0",
        "expo-gl": "~13.0.1",
        "pixi.js": "^7.3.2",
        "babylonjs": "^6.33.1",
        "babylonjs-loaders": "^6.33.1",
        "aframe": "^1.5.0",
        "aframe-react": "^4.4.0",
        "three": "^0.182.0",
        "react-dom": "18.2.0",
        "@react-three/fiber": "^8.15.11",
        "@react-three/drei": "^9.92.7",
        "@react-navigation/native": "^6.1.9",
        "@react-navigation/stack": "^6.3.20",
        "@react-navigation/bottom-tabs": "^6.5.11",
        "react-native-safe-area-context": "4.6.3",
        "react-native-screens": "~3.22.0",
        "react-native-gesture-handler": "~2.12.0",
        "react-native-reanimated": "~3.3.0",
        "react-native-webview": "13.2.2",
        "axios": "^1.6.2",
        "firebase": "^10.7.1",
        "react-native-firebase": "^5.6.0",
        "@react-native-async-storage/async-storage": "1.18.2",
        "react-native-vector-icons": "^10.0.3",
        "react-native-svg": "13.9.0",
        "lottie-react-native": "6.0.1",
        "react-native-linear-gradient": "^2.8.3",
        "zustand": "^4.4.7",
        "react-query": "^3.39.3",
        "date-fns": "^2.30.0"
      },
      "devDependencies": {
        "@babel/core": "^7.20.0",
        "@types/react": "~18.2.14",
        "@types/react-native": "~0.72.2",
        "@testing-library/react-native": "^12.4.1",
        "@testing-library/jest-native": "^5.4.3",
        "jest": "^29.2.1",
        "jest-expo": "~49.0.0",
        "@typescript-eslint/eslint-plugin": "^6.13.2",
        "@typescript-eslint/parser": "^6.13.2",
        "eslint": "^8.55.0",
        "eslint-config-expo": "^7.0.0",
        "typescript": "^5.1.3",
        "prettier": "^3.1.0"
      }
    },
    "node_modules/react": {
      "version": "18.2.0",
      "resolved": "https://registry.npmjs.org/react/-/react-18.2.0.tgz",
      "integrity": ""
    },
    "node_modules/react-native": {
      "version": "0.72.6",
      "resolved": "https://registry.npmjs.org/react-native/-/react-native-0.72.6.tgz",
      "integrity": ""
    },
    "node_modules/react-native-web": {
      "version": "~0.19.6",
      "resolved": "https://registry.npmjs.org/react-native-web/-/react-native-web-0.19.6.tgz",
      "integrity": ""
    },
    "node_modules/expo": {
      "version": "~49.0.15",
      "resolved": "https://registry.npmjs.org/expo/-/expo-49.0.15.tgz",
      "integrity": ""
    },
    "node_modules/expo-status-bar": {
      "version": "~1.6.0",
      "resolved": "https://registry.npmjs.org/expo-status-bar/-/expo-status-bar-1.6.0.tgz",
      "integrity": ""
    },
    "node_modules/expo-gl": {
      "version": "~13.0.1",
      "resolved": "https://registry.npmjs.org/expo-gl/-/expo-gl-13.0.1.tgz",
      "integrity": ""
    },
    "node_modules/pixi.js": {
      "version": "^7.3.2",
      "resolved": "https://registry.npmjs.org/pixi.js/-/pixi.js-7.3.2.tgz",
      "integrity": ""
    },
    "node_modules/babylonjs": {
      "version": "^6.33.1",
      "resolved": "https://registry.npmjs.org/babylonjs/-/babylonjs-6.33.1.tgz",
      "integrity": ""
    },
    "node_modules/babylonjs-loaders": {
      "version": "^6.33.1",
      "resolved": "https://registry.npmjs.org/babylonjs-loaders/-/babylonjs-loaders-6.33.1.tgz",
      "integrity": ""
    },
    "node_modules/aframe": {
      "version": "^1.5.0",
      "resolved": "https://registry.npmjs.org/aframe/-/aframe-1.5.0.tgz",
      "integrity": ""
    },
    "node_modules/aframe-react": {
      "version": "^4.4.0",
      "resolved": "https://registry.npmjs.org/aframe-react/-/aframe-react-4.4.0.tgz",
      "integrity": ""
    },
    "node_modules/three": {
      "version": "^0.182.0",
      "resolved": "https://registry.npmjs.org/three/-/three-0.182.0.tgz",
      "integrity": ""
    },
    "node_modules/react-dom": {
      "version": "18.2.0",
      "resolved": "https://registry.npmjs.org/react-dom/-/react-dom-18.2.0.tgz",
      "integrity": ""
    },
    "node_modules/@react-three/fiber": {
      "version": "^8.15.11",
      "resolved": "https://registry.npmjs.org/@react-three/fiber/-/@react-three/fiber-8.15.11.tgz",
      "integrity": ""
    },
    "node_modules/@react-three/drei": {
      "version": "^9.92.7",
      "resolved": "https://registry.npmjs.org/@react-three/drei/-/@react-three/drei-9.92.7.tgz",
      "integrity": ""
    },
    "node_modules/@react-navigation/native": {
      "version": "^6.1.9",
      "resolved": "https://registry.npmjs.org/@react-navigation/native/-/@react-navigation/native-6.1.9.tgz",
      "integrity": ""
    },
    "node_modules/@react-navigation/stack": {
      "version": "^6.3.20",
      "resolved": "https://registry.npmjs.org/@react-navigation/stack/-/@react-navigation/stack-6.3.20.tgz",
      "integrity": ""
    },
    "node_modules/@react-navigation/bottom-tabs": {
      "version": "^6.5.11",
      "resolved": "https://registry.npmjs.org/@react-navigation/bottom-tabs/-/@react-navigation/bottom-tabs-6.5.11.tgz",
      "integrity": ""
    },
    "node_modules/react-native-safe-area-context": {
      "version": "4.6.3",
      "resolved": "https://registry.npmjs.org/react-native-safe-area-context/-/react-native-safe-area-context-4.6.3.tgz",
      "integrity": ""
    },
    "node_modules/react-native-screens": {
      "version": "~3.22.0",
      "resolved": "https://registry.npmjs.org/react-native-screens/-/react-native-screens-3.22.0.tgz",
      "integrity": ""
    },
    "node_modules/react-native-gesture-handler": {
      "version": "~2.12.0",
      "resolved": "https://registry.npmjs.org/react-native-gesture-handler/-/react-native-gesture-handler-2.12.0.tgz",
      "integrity": ""
    },
    "node_modules/react-native-reanimated": {
      "version": "~3.3.0",
      "resolved": "https://registry.npmjs.org/react-native-reanimated/-/react-native-reanimated-3.3.0.tgz",
      "integrity": ""
    },
    "node_modules/react-native-webview": {
      "version": "13.2.2",
      "resolved": "https://registry.npmjs.org/react-native-webview/-/react-native-webview-13.2.2.tgz",
      "integrity": ""
    },
    "node_modules/axios": {
      "version": "^1.6.2",
      "resolved": "https://registry.npmjs.org/axios/-/axios-1.6.2.tgz",
      "integrity": ""
    },
    "node_modules/firebase": {
      "version": "^10.7.1",
      "resolved": "https://registry.npmjs.org/firebase/-/firebase-10.7.1.tgz",
      "integrity": ""
    },
    "node_modules/react-native-firebase": {
      "version": "^5.6.0",
      "resolved": "https://registry.npmjs.org/react-native-firebase/-/react-native-firebase-5.6.0.tgz",
      "integrity": ""
    },
    "node_modules/@react-native-async-storage/async-storage": {
      "version": "1.18.2",
      "resolved": "https://registry.npmjs.org/@react-native-async-storage/async-storage/-/@react-native-async-storage/async-storage-1.18.2.tgz",
      "integrity": ""
    },
    "node_modules/react-native-vector-icons": {
      "version": "^10.0.3",
      "resolved": "https://registry.npmjs.org/react-native-vector-icons/-/react-native-vector-icons-10.0.3.tgz",
      "integrity": ""
    },
    "node_modules/react-native-svg": {
      "version": "13.9.0",
      "resolved": "https://registry.npmjs.org/react-native-svg/-/react-native-svg-13.9.0.tgz",
      "integrity": ""
    },
    "node_modules/lottie-react-native": {
      "version": "6.0.1",
      "resolved": "https://registry.npmjs.org/lottie-react-native/-/lottie-react-native-6.0.1.tgz",
      "integrity": ""
    },
    "node_modules/react-native-linear-gradient": {
      "version": "^2.8.3",
      "resolved": "https://registry.npmjs.org/react-native-linear-gradient/-/react-native-linear-gradient-2.8.3.tgz",
      "integrity": ""
    },
    "node_modules/zustand": {
      "version": "^4.4.7",
      "resolved": "https://registry.npmjs.org/zustand/-/zustand-4.4.7.tgz",
      "integrity": ""
    },
    "node_modules/react-query": {
      "version": "^3.39.3",
      "resolved": "https://registry.npmjs.org/react-query/-/react-query-3.39.3.tgz",
      "integrity": ""
    },
    "node_modules/date-fns": {
      "version": "^2.30.0",
      "resolved": "https://registry.npmjs.org/date-fns/-/date-fns-2.30.0.tgz",
      "integrity": ""
    },
    "node_modules/@babel/core": {
      "version": "^7.20.0",
      "resolved": "https://registry.npmjs.org/@babel/core/-/@babel/core-7.20.0.tgz",
      "integrity": ""
    },
    "node_modules/@types/react": {
      "version": "~18.2.14",
      "resolved": "https://registry.npmjs.org/@types/react/-/@types/react-18.2.14.tgz",
      "integrity": ""
    },
    "node_modules/@types/react-native": {
      "version": "~0.72.2",
      "resolved": "https://registry.npmjs.org/@types/react-native/-/@types/react-native-0.72.2.tgz",
      "integrity": ""
    },
    "node_modules/@testing-library/react-native": {
      "version": "^12.4.1",
      "resolved": "https://registry.npmjs.org/@testing-library/react-native/-/@testing-library/react-native-12.4.1.tgz",
      "integrity": ""
    },
    "node_modules/@testing-library/jest-native": {
      "version": "^5.4.3",
      "resolved": "https://registry.npmjs.org/@testing-library/jest-native/-/@testing-library/jest-native-5.4.3.tgz",
      "integrity": ""
    },
    "node_modules/jest": {
      "version": "^29.2.1",
      "resolved": "https://registry.npmjs.org/jest/-/jest-29.2.1.tgz",
      "integrity": ""
    },
    "node_modules/jest-expo": {
      "version": "~49.0.0",
      "resolved": "https://registry.npmjs.org/jest-expo/-/jest-expo-49.0.0.tgz",
      "integrity": ""
    },
    "node_modules/@typescript-eslint/eslint-plugin": {
      "version": "^6.13.2",
      "resolved": "https://registry.npmjs.org/@typescript-eslint/eslint-plugin/-/@typescript-eslint/eslint-plugin-6.13.2.tgz",
      "integrity": ""
    },
    "node_modules/@typescript-eslint/parser": {
      "version": "^6.13.2",
      "resolved": "https://registry.npmjs.org/@typescript-eslint/parser/-/@typescript-eslint/parser-6.13.2.tgz",
      "integrity": ""
    },
    "node_modules/eslint": {
      "version": "^8.55.0",
      "resolved": "https://registry.npmjs.org/eslint/-/eslint-8.55.0.tgz",
      "integrity": ""
    },
    "node_modules/eslint-config-expo": {
      "version": "^7.0.0",
      "resolved": "https://registry.npmjs.org/eslint-config-expo/-/eslint-config-expo-7.0.0.tgz",
      "integrity": ""
    },
    "node_modules/typescript": {
      "version": "^5.1.3",
      "resolved": "https://registry.npmjs.org/typescript/-/typescript-5.1.3.tgz",
      "integrity": ""
    },
    "node_modules/prettier": {
      "version": "^3.1.0",
      "resolved": "https://registry.npmjs.org/prettier/-/prettier-3.1.0.tgz",
      "integrity": ""
    }
  },
  "dependencies": {
    "react": {
      "version": "18.2.0",
      "resolved": "https://registry.npmjs.org/react/-/react-18.2.0.tgz",
      "integrity": ""
    },
    "react-native": {
      "version": "0.72.6",
      "resolved": "https://registry.npmjs.org/react-native/-/react-native-0.72.6.tgz",
      "integrity": ""
    },
    "react-native-web": {
      "version": "~0.19.6",
      "resolved": "https://registry.npmjs.org/react-native-web/-/react-native-web-0.19.6.tgz",
      "integrity": ""
    },
    "expo": {
      "version": "~49.0.15",
      "resolved": "https://registry.npmjs.org/expo/-/expo-49.0.15.tgz",
      "integrity": ""
    },
    "expo-status-bar": {
      "version": "~1.6.0",
      "resolved": "https://registry.npmjs.org/expo-status-bar/-/expo-status-bar-1.6.0.tgz",
      "integrity": ""
    },
    "expo-gl": {
      "version": "~13.0.1",
      "resolved": "https://registry.npmjs.org/expo-gl/-/expo-gl-13.0.1.tgz",
      "integrity": ""
    },
    "pixi.js": {
      "version": "^7.3.2",
      "resolved": "https://registry.npmjs.org/pixi.js/-/pixi.js-7.3.2.tgz",
      "integrity": ""
    },
    "babylonjs": {
      "version": "^6.33.1",
      "resolved": "https://registry.npmjs.org/babylonjs/-/babylonjs-6.33.1.tgz",
      "integrity": ""
    },
    "babylonjs-loaders": {
      "version": "^6.33.1",
      "resolved": "https://registry.npmjs.org/babylonjs-loaders/-/babylonjs-loaders-6.33.1.tgz",
      "integrity": ""
    },
    "aframe": {
      "version": "^1.5.0",
      "resolved": "https://registry.npmjs.org/aframe/-/aframe-1.5.0.tgz",
      "integrity": ""
    },
    "aframe-react": {
      "version": "^4.4.0",
      "resolved": "https://registry.npmjs.org/aframe-react/-/aframe-react-4.4.0.tgz",
      "integrity": ""
    },
    "three": {
      "version": "^0.182.0",
      "resolved": "https://registry.npmjs.org/three/-/three-0.182.0.tgz",
      "integrity": ""
    },
    "react-dom": {
      "version": "18.2.0",
      "resolved": "https://registry.npmjs.org/react-dom/-/react-dom-18.2.0.tgz",
      "integrity": ""
    },
    "@react-three/fiber": {
      "version": "^8.15.11",
      "resolved": "https://registry.npmjs.org/@react-three/fiber/-/@react-three/fiber-8.15.11.tgz",
      "integrity": ""
    },
    "@react-three/drei": {
      "version": "^9.92.7",
      "resolved": "https://registry.npmjs.org/@react-three/drei/-/@react-three/drei-9.92.7.tgz",
      "integrity": ""
    },
    "@react-navigation/native": {
      "version": "^6.1.9",
      "resolved": "https://registry.npmjs.org/@react-navigation/native/-/@react-navigation/native-6.1.9.tgz",
      "integrity": ""
    },
    "@react-navigation/stack": {
      "version": "^6.3.20",
      "resolved": "https://registry.npmjs.org/@react-navigation/stack/-/@react-navigation/stack-6.3.20.tgz",
      "integrity": ""
    },
    "@react-navigation/bottom-tabs": {
      "version": "^6.5.11",
      "resolved": "https://registry.npmjs.org/@react-navigation/bottom-tabs/-/@react-navigation/bottom-tabs-6.5.11.tgz",
      "integrity": ""
    },
    "react-native-safe-area-context": {
      "version": "4.6.3",
      "resolved": "https://registry.npmjs.org/react-native-safe-area-context/-/react-native-safe-area-context-4.6.3.tgz",
      "integrity": ""
    },
    "react-native-screens": {
      "version": "~3.22.0",
      "resolved": "https://registry.npmjs.org/react-native-screens/-/react-native-screens-3.22.0.tgz",
      "integrity": ""
    },
    "react-native-gesture-handler": {
      "version": "~2.12.0",
      "resolved": "https://registry.npmjs.org/react-native-gesture-handler/-/react-native-gesture-handler-2.12.0.tgz",
      "integrity": ""
    },
    "react-native-reanimated": {
      "version": "~3.3.0",
      "resolved": "https://registry.npmjs.org/react-native-reanimated/-/react-native-reanimated-3.3.0.tgz",
      "integrity": ""
    },
    "react-native-webview": {
      "version": "13.2.2",
      "resolved": "https://registry.npmjs.org/react-native-webview/-/react-native-webview-13.2.2.tgz",
      "integrity": ""
    },
    "axios": {
      "version": "^1.6.2",
      "resolved": "https://registry.npmjs.org/axios/-/axios-1.6.2.tgz",
      "integrity": ""
    },
    "firebase": {
      "version": "^10.7.1",
      "resolved": "https://registry.npmjs.org/firebase/-/firebase-10.7.1.tgz",
      "integrity": ""
    },
    "react-native-firebase": {
      "version": "^5.6.0",
      "resolved": "https://registry.npmjs.org/react-native-firebase/-/react-native-firebase-5.6.0.tgz",
      "integrity": ""
    },
    "@react-native-async-storage/async-storage": {
      "version": "1.18.2",
      "resolved": "https://registry.npmjs.org/@react-native-async-storage/async-storage/-/@react-native-async-storage/async-storage-1.18.2.tgz",
      "integrity": ""
    },
    "react-native-vector-icons": {
      "version": "^10.0.3",
      "resolved": "https://registry.npmjs.org/react-native-vector-icons/-/react-native-vector-icons-10.0.3.tgz",
      "integrity": ""
    },
    "react-native-svg": {
      "version": "13.9.0",
      "resolved": "https://registry.npmjs.org/react-native-svg/-/react-native-svg-13.9.0.tgz",
      "integrity": ""
    },
    "lottie-react-native": {
      "version": "6.0.1",
      "resolved": "https://registry.npmjs.org/lottie-react-native/-/lottie-react-native-6.0.1.tgz",
      "integrity": ""
    },
    "react-native-linear-gradient": {
      "version": "^2.8.3",
      "resolved": "https://registry.npmjs.org/react-native-linear-gradient/-/react-native-linear-gradient-2.8.3.tgz",
      "integrity": ""
    },
    "zustand": {
      "version": "^4.4.7",
      "resolved": "https://registry.npmjs.org/zustand/-/zustand-4.4.7.tgz",
      "integrity": ""
    },
    "react-query": {
      "version": "^3.39.3",
      "resolved": "https://registry.npmjs.org/react-query/-/react-query-3.39.3.tgz",
      "integrity": ""
    },
    "date-fns": {
      "version": "^2.30.0",
      "resolved": "https://registry.npmjs.org/date-fns/-/date-fns-2.30.0.tgz",
      "integrity": ""
    },
    "@babel/core": {
      "version": "^7.20.0",
      "resolved": "https://registry.npmjs.org/@babel/core/-/@babel/core-7.20.0.tgz",
      "integrity": ""
    },
    "@types/react": {
      "version": "~18.2.14",
      "resolved": "https://registry.npmjs.org/@types/react/-/@types/react-18.2.14.tgz",
      "integrity": ""
    },
    "@types/react-native": {
      "version": "~0.72.2",
      "resolved": "https://registry.npmjs.org/@types/react-native/-/@types/react-native-0.72.2.tgz",
      "integrity": ""
    },
    "@testing-library/react-native": {
      "version": "^12.4.1",
      "resolved": "https://registry.npmjs.org/@testing-library/react-native/-/@testing-library/react-native-12.4.1.tgz",
      "integrity": ""
    },
    "@testing-library/jest-native": {
      "version": "^5.4.3",
      "resolved": "https://registry.npmjs.org/@testing-library/jest-native/-/@testing-library/jest-native-5.4.3.tgz",
      "integrity": ""
    },
    "jest": {
      "version": "^29.2.1",
      "resolved": "https://registry.npmjs.org/jest/-/jest-29.2.1.tgz",
      "integrity": ""
    },
    "jest-expo": {
      "version": "~49.0.0",
      "resolved": "https://registry.npmjs.org/jest-expo/-/jest-expo-49.0.0.tgz",
      "integrity": ""
    },
    "@typescript-eslint/eslint-plugin": {
      "version": "^6.13.2",
      "resolved": "https://registry.npmjs.org/@typescript-eslint/eslint-plugin/-/@typescript-eslint/eslint-plugin-6.13.2.tgz",
      "integrity": ""
    },
    "@typescript-eslint/parser": {
      "version": "^6.13.2",
      "resolved": "https://registry.npmjs.org/@typescript-eslint/parser/-/@typescript-eslint/parser-6.13.2.tgz",
      "integrity": ""
    },
    "eslint": {
      "version": "^8.55.0",
      "resolved": "https://registry.npmjs.org/eslint/-/eslint-8.55.0.tgz",
      "integrity": ""
    },
    "eslint-config-expo": {
      "version": "^7.0.0",
      "resolved": "https://registry.npmjs.org/eslint-config-expo/-/eslint-config-expo-7.0.0.tgz",
      "integrity": ""
    },
    "typescript": {
      "version": "^5.1.3",
      "resolved": "https://registry.npmjs.org/typescript/-/typescript-5.1.3.tgz",
      "integrity": ""
    },
    "prettier": {
      "version": "^3.1.0",
      "resolved": "https://registry.npmjs.org/prettier/-/prettier-3.1.0.tgz",
      "integrity": ""
    }
  }
}